
Microsoft Visual Studio Solution File, Format Version 12.00
# Visual Studio Version 16
VisualStudioVersion = 16.0.31613.86
MinimumVisualStudioVersion = 10.0.40219.1
Project("{FAE04EC0-301F-11D3-BF4B-00C04F79EFBC}") = "Matriz2", "Matriz2\Matriz2.csproj", "{4F2996B2-4A0C-45A8-B74F-CD0CB50DADBE}"
EndProject
Global
	GlobalSection(SolutionConfigurationPlatforms) = preSolution
		Debug|Any CPU = Debug|Any CPU
		Release|Any CPU = Release|Any CPU
	EndGlobalSection
	GlobalSection(ProjectConfigurationPlatforms) = postSolution
		{4F2996B2-4A0C-45A8-B74F-CD0CB50DADBE}.Debug|Any CPU.ActiveCfg = Debug|Any CPU
		{4F2996B2-4A0C-45A8-B74F-CD0CB50DADBE}.Debug|Any CPU.Build.0 = Debug|Any CPU
		{4F2996B2-4A0C-45A8-B74F-CD0CB50DADBE}.Release|Any CPU.ActiveCfg = Release|Any CPU
		{4F2996B2-4A0C-45A8-B74F-CD0CB50DADBE}.Release|Any CPU.Build.0 = Release|Any CPU
	EndGlobalSection
	GlobalSection(SolutionProperties) = preSolution
		HideSolutionNode = FALSE
	EndGlobalSection
	GlobalSection(ExtensibilityGlobals) = postSolution
		SolutionGuid = {87320F6C-EF46-439B-A70A-41D5136F4642}
	EndGlobalSection
EndGlobal
